# THIS IS AN AUTOGENERATED FILE. DO NOT EDIT THIS FILE DIRECTLY.
# yarn lockfile v1


knockout@^3.5.0:
  version "3.5.0"
  resolved "https://registry.yarnpkg.com/knockout/-/knockout-3.5.0.tgz#6d3e19bf53b1dc4d8de81c97a5ba9672443dc292"
  integrity sha512-vBUF/IsBDzaejHkNpiquKdc5uPrImXuQ4Mb9lEfNNJ5cyHGI8ThDupR+h3eMFZhfmPE/brfwcIAn/fm0yOvJUg==
